
Microsoft Visual Studio Solution File, Format Version 12.00
# Visual Studio Version 16
VisualStudioVersion = 16.0.31624.102
MinimumVisualStudioVersion = 10.0.40219.1
Project("{888888A0-9F3D-457C-B088-3A5042F75D52}") = "ExerciciosCousera", "ExerciciosCousera.pyproj", "{E9610177-FC36-499F-B801-B8F1188DB3E3}"
EndProject
Global
	GlobalSection(SolutionConfigurationPlatforms) = preSolution
		Debug|Any CPU = Debug|Any CPU
		Release|Any CPU = Release|Any CPU
	EndGlobalSection
	GlobalSection(ProjectConfigurationPlatforms) = postSolution
		{E9610177-FC36-499F-B801-B8F1188DB3E3}.Debug|Any CPU.ActiveCfg = Debug|Any CPU
		{E9610177-FC36-499F-B801-B8F1188DB3E3}.Release|Any CPU.ActiveCfg = Release|Any CPU
	EndGlobalSection
	GlobalSection(SolutionProperties) = preSolution
		HideSolutionNode = FALSE
	EndGlobalSection
	GlobalSection(ExtensibilityGlobals) = postSolution
		SolutionGuid = {41CB2829-2892-469B-88C0-A12E5D734A66}
	EndGlobalSection
EndGlobal
